<?xml version="1.0" encoding="utf-8"?>
<Project ToolsVersion="4.0" xmlns="http://schemas.microsoft.com/developer/msbuild/2003">
  <ItemGroup>
    <Filter Include="Source Files">
      <UniqueIdentifier>{4FC737F1-C7A5-4376-A066-2A32D752A2FF}</UniqueIdentifier>
      <Extensions>cpp;c;cc;cxx;c++;cppm;ixx;def;odl;idl;hpj;bat;asm;asmx</Extensions>
    </Filter>
    <Filter Include="Header Files">
      <UniqueIdentifier>{93995380-89BD-4b04-88EB-625FBE52EBFB}</UniqueIdentifier>
      <Extensions>h;hh;hpp;hxx;h++;hm;inl;inc;ipp;xsd</Extensions>
    </Filter>
    <Filter Include="Resource Files">
      <UniqueIdentifier>{67DA6AB6-F800-4c08-8B7A-83BB121AAD01}</UniqueIdentifier>
      <Extensions>rc;ico;cur;bmp;dlg;rc2;rct;bin;rgs;gif;jpg;jpeg;jpe;resx;tiff;tif;png;wav;mfcribbon-ms</Extensions>
    </Filter>
  </ItemGroup>
  <ItemGroup>
    <ClCompile Include="Config\Ins.cpp">
      <Filter>Source Files</Filter>
    </ClCompile>
    <ClCompile Include="Config\Recent.cpp">
      <Filter>Source Files</Filter>
    </ClCompile>
    <ClCompile Include="Editors\Inventory\AddInventoryItemEditor.cpp">
      <Filter>Source Files</Filter>
    </ClCompile>
    <ClCompile Include="Editors\Inventory\AddOperationInventoryItemEditor.cpp">
      <Filter>Source Files</Filter>
    </ClCompile>
    <ClCompile Include="Editors\Inventory\InventoryEditor.cpp">
      <Filter>Source Files</Filter>
    </ClCompile>
    <ClCompile Include="Editors\Inventory\InventorySearchEditor.cpp">
      <Filter>Source Files</Filter>
    </ClCompile>
    <ClCompile Include="Editors\Inventory\OperationInventoryEditor.cpp">
      <Filter>Source Files</Filter>
    </ClCompile>
    <ClCompile Include="Editors\Other\BasicEditorEditor.cpp">
      <Filter>Source Files</Filter>
    </ClCompile>
    <ClCompile Include="Editors\Other\BasicViewerEditor.cpp">
      <Filter>Source Files</Filter>
    </ClCompile>
    <ClCompile Include="Editors\Other\ProjectSettingsEditor.cpp">
      <Filter>Source Files</Filter>
    </ClCompile>
    <ClCompile Include="Editors\Other\QuickSearchEditor.cpp">
      <Filter>Source Files</Filter>
    </ClCompile>
    <ClCompile Include="Editors\Other\SettingsEditor.cpp">
      <Filter>Source Files</Filter>
    </ClCompile>
    <ClCompile Include="Editors\RefGroups\AddRefrenceGroupEditor.cpp">
      <Filter>Source Files</Filter>
    </ClCompile>
    <ClCompile Include="Editors\RefGroups\RefrenceGroupsEditor.cpp">
      <Filter>Source Files</Filter>
    </ClCompile>
    <ClCompile Include="Editors\RefGroups\ViewEditRefrenceGroupEditor.cpp">
      <Filter>Source Files</Filter>
    </ClCompile>
    <ClCompile Include="Editors\Resources\ImagesEditor.cpp">
      <Filter>Source Files</Filter>
    </ClCompile>
    <ClCompile Include="Editors\Resources\ViewImageEditor.cpp">
      <Filter>Source Files</Filter>
    </ClCompile>
    <ClCompile Include="Editors\Task\AddTaskEditor.cpp">
      <Filter>Source Files</Filter>
    </ClCompile>
    <ClCompile Include="Editors\Task\CompletedTasksEditor.cpp">
      <Filter>Source Files</Filter>
    </ClCompile>
    <ClCompile Include="Editors\Task\CompleteTaskEditor.cpp">
      <Filter>Source Files</Filter>
    </ClCompile>
    <ClCompile Include="Editors\Task\EditTaskEditor.cpp">
      <Filter>Source Files</Filter>
    </ClCompile>
    <ClCompile Include="Editors\Task\TasksEditor.cpp">
      <Filter>Source Files</Filter>
    </ClCompile>
    <ClCompile Include="Editors\Task\ViewCompletedTaskEditor.cpp">
      <Filter>Source Files</Filter>
    </ClCompile>
    <ClCompile Include="Editors\Task\ViewTaskEditor.cpp">
      <Filter>Source Files</Filter>
    </ClCompile>
    <ClCompile Include="Editors\Timecards\Timeclock.cpp">
      <Filter>Source Files</Filter>
    </ClCompile>
    <ClCompile Include="Editors\User\AddJobPositionEditor.cpp">
      <Filter>Source Files</Filter>
    </ClCompile>
    <ClCompile Include="Editors\User\CreateUserEditor.cpp">
      <Filter>Source Files</Filter>
    </ClCompile>
    <ClCompile Include="Editors\User\EditUserEditor.cpp">
      <Filter>Source Files</Filter>
    </ClCompile>
    <ClCompile Include="Editors\User\JobPositionsEditor.cpp">
      <Filter>Source Files</Filter>
    </ClCompile>
    <ClCompile Include="Editors\User\TimecardsEditor.cpp">
      <Filter>Source Files</Filter>
    </ClCompile>
    <ClCompile Include="Editors\User\UserHomepageEditor.cpp">
      <Filter>Source Files</Filter>
    </ClCompile>
    <ClCompile Include="Editors\User\UserSearchEditor.cpp">
      <Filter>Source Files</Filter>
    </ClCompile>
    <ClCompile Include="Editors\User\UsersEditor.cpp">
      <Filter>Source Files</Filter>
    </ClCompile>
    <ClCompile Include="Editors\User\ViewUserEditor.cpp">
      <Filter>Source Files</Filter>
    </ClCompile>
    <ClCompile Include="Editors\EditorButtonHost.cpp">
      <Filter>Source Files</Filter>
    </ClCompile>
    <ClCompile Include="Editors\EditorFrame.cpp">
      <Filter>Source Files</Filter>
    </ClCompile>
    <ClCompile Include="Editors\EditorHost.cpp">
      <Filter>Source Files</Filter>
    </ClCompile>
    <ClCompile Include="Editors\EditorRegistry.cpp">
      <Filter>Source Files</Filter>
    </ClCompile>
    <ClCompile Include="Files\ArminSessions.cpp">
      <Filter>Source Files</Filter>
    </ClCompile>
    <ClCompile Include="Files\BaseTypes.cpp">
      <Filter>Source Files</Filter>
    </ClCompile>
    <ClCompile Include="Files\CompletedTask.cpp">
      <Filter>Source Files</Filter>
    </ClCompile>
    <ClCompile Include="Files\ComponentRefrence.cpp">
      <Filter>Source Files</Filter>
    </ClCompile>
    <ClCompile Include="Files\ConfigItem.cpp">
      <Filter>Source Files</Filter>
    </ClCompile>
    <ClCompile Include="Files\Image.cpp">
      <Filter>Source Files</Filter>
    </ClCompile>
    <ClCompile Include="Files\InventoryItem.cpp">
      <Filter>Source Files</Filter>
    </ClCompile>
    <ClCompile Include="Files\InventoryProject.cpp">
      <Filter>Source Files</Filter>
    </ClCompile>
    <ClCompile Include="Files\InventoryProjectRc.cpp">
      <Filter>Source Files</Filter>
    </ClCompile>
    <ClCompile Include="Files\JobPosition.cpp">
      <Filter>Source Files</Filter>
    </ClCompile>
    <ClCompile Include="Files\OperationInventoryItem.cpp">
      <Filter>Source Files</Filter>
    </ClCompile>
    <ClCompile Include="Files\Project.cpp">
      <Filter>Source Files</Filter>
    </ClCompile>
    <ClCompile Include="Files\ProjectRc.cpp">
      <Filter>Source Files</Filter>
    </ClCompile>
    <ClCompile Include="Files\ReferenceList.cpp">
      <Filter>Source Files</Filter>
    </ClCompile>
    <ClCompile Include="Files\RefrenceGroup.cpp">
      <Filter>Source Files</Filter>
    </ClCompile>
    <ClCompile Include="Files\SearchCriteria.cpp">
      <Filter>Source Files</Filter>
    </ClCompile>
    <ClCompile Include="Files\SessionControl.cpp">
      <Filter>Source Files</Filter>
    </ClCompile>
    <ClCompile Include="Files\Task.cpp">
      <Filter>Source Files</Filter>
    </ClCompile>
    <ClCompile Include="Files\TeamProject.cpp">
      <Filter>Source Files</Filter>
    </ClCompile>
    <ClCompile Include="Files\TeamProjectRc.cpp">
      <Filter>Source Files</Filter>
    </ClCompile>
    <ClCompile Include="Files\TimecardEntry.cpp">
      <Filter>Source Files</Filter>
    </ClCompile>
    <ClCompile Include="Files\User.cpp">
      <Filter>Source Files</Filter>
    </ClCompile>
    <ClCompile Include="UI\Import\ImportFromCSV.cpp">
      <Filter>Source Files</Filter>
    </ClCompile>
    <ClCompile Include="UI\Tool\ComponentListRenderer.cpp">
      <Filter>Source Files</Filter>
    </ClCompile>
    <ClCompile Include="UI\Tool\CreateImage.cpp">
      <Filter>Source Files</Filter>
    </ClCompile>
    <ClCompile Include="UI\Tool\DatePicker.cpp">
      <Filter>Source Files</Filter>
    </ClCompile>
    <ClCompile Include="UI\Tool\FileProgress.cpp">
      <Filter>Source Files</Filter>
    </ClCompile>
    <ClCompile Include="UI\Tool\GroupSelector.cpp">
      <Filter>Source Files</Filter>
    </ClCompile>
    <ClCompile Include="UI\Tool\PasswordInput.cpp">
      <Filter>Source Files</Filter>
    </ClCompile>
    <ClCompile Include="UI\Tool\SearchByName.cpp">
      <Filter>Source Files</Filter>
    </ClCompile>
    <ClCompile Include="UI\User\CreateUser.cpp">
      <Filter>Source Files</Filter>
    </ClCompile>
    <ClCompile Include="UI\User\SignIn.cpp">
      <Filter>Source Files</Filter>
    </ClCompile>
    <ClCompile Include="UI\About.cpp">
      <Filter>Source Files</Filter>
    </ClCompile>
    <ClCompile Include="UI\ComponentViewer.cpp">
      <Filter>Source Files</Filter>
    </ClCompile>
    <ClCompile Include="UI\EditorButton.cpp">
      <Filter>Source Files</Filter>
    </ClCompile>
    <ClCompile Include="UI\EditorPopout.cpp">
      <Filter>Source Files</Filter>
    </ClCompile>
    <ClCompile Include="UI\Main.cpp">
      <Filter>Source Files</Filter>
    </ClCompile>
    <ClCompile Include="UI\Ribbon.cpp">
      <Filter>Source Files</Filter>
    </ClCompile>
    <ClCompile Include="UI\RibbonHost.cpp">
      <Filter>Source Files</Filter>
    </ClCompile>
    <ClCompile Include="UI\SideHost.cpp">
      <Filter>Source Files</Filter>
    </ClCompile>
    <ClCompile Include="UI\Startup.cpp">
      <Filter>Source Files</Filter>
    </ClCompile>
    <ClCompile Include="UI\Welcome.cpp">
      <Filter>Source Files</Filter>
    </ClCompile>
    <ClCompile Include="Common.cpp">
      <Filter>Source Files</Filter>
    </ClCompile>
    <ClCompile Include="Entry.cpp">
      <Filter>Source Files</Filter>
    </ClCompile>
    <ClCompile Include="UserRegistry.cpp">
      <Filter>Source Files</Filter>
    </ClCompile>
  </ItemGroup>
  <ItemGroup>
    <ClInclude Include="Config\Ins.h">
      <Filter>Header Files</Filter>
    </ClInclude>
    <ClInclude Include="Config\Recent.h">
      <Filter>Header Files</Filter>
    </ClInclude>
    <ClInclude Include="Editors\EditorButtonHost.h">
      <Filter>Header Files</Filter>
    </ClInclude>
    <ClInclude Include="Editors\EditorFrame.h">
      <Filter>Header Files</Filter>
    </ClInclude>
    <ClInclude Include="Editors\EditorHost.h">
      <Filter>Header Files</Filter>
    </ClInclude>
    <ClInclude Include="Editors\EditorRegistry.h">
      <Filter>Header Files</Filter>
    </ClInclude>
    <ClInclude Include="Files\ArminSessions.h">
      <Filter>Header Files</Filter>
    </ClInclude>
    <ClInclude Include="Files\BaseTypes.h">
      <Filter>Header Files</Filter>
    </ClInclude>
    <ClInclude Include="Files\ComponentRefrence.h">
      <Filter>Header Files</Filter>
    </ClInclude>
    <ClInclude Include="Files\Components.h">
      <Filter>Header Files</Filter>
    </ClInclude>
    <ClInclude Include="Files\ComponentTypes.h">
      <Filter>Header Files</Filter>
    </ClInclude>
    <ClInclude Include="Files\FileFragmentation.h">
      <Filter>Header Files</Filter>
    </ClInclude>
    <ClInclude Include="Files\SearchCriteria.h">
      <Filter>Header Files</Filter>
    </ClInclude>
    <ClInclude Include="Files\SessionControl.h">
      <Filter>Header Files</Filter>
    </ClInclude>
    <ClInclude Include="UI\Import\ImportFromCSV.h">
      <Filter>Header Files</Filter>
    </ClInclude>
    <ClInclude Include="UI\Tool\ComponentListRenderer.h">
      <Filter>Header Files</Filter>
    </ClInclude>
    <ClInclude Include="UI\Tool\CreateImage.h">
      <Filter>Header Files</Filter>
    </ClInclude>
    <ClInclude Include="UI\Tool\DatePicker.h">
      <Filter>Header Files</Filter>
    </ClInclude>
    <ClInclude Include="UI\Tool\FileProgress.h">
      <Filter>Header Files</Filter>
    </ClInclude>
    <ClInclude Include="UI\Tool\GroupSelector.h">
      <Filter>Header Files</Filter>
    </ClInclude>
    <ClInclude Include="UI\Tool\PasswordInput.h">
      <Filter>Header Files</Filter>
    </ClInclude>
    <ClInclude Include="UI\Tool\SearchByName.h">
      <Filter>Header Files</Filter>
    </ClInclude>
    <ClInclude Include="UI\User\CreateUser.h">
      <Filter>Header Files</Filter>
    </ClInclude>
    <ClInclude Include="UI\User\SignIn.h">
      <Filter>Header Files</Filter>
    </ClInclude>
    <ClInclude Include="UI\About.h">
      <Filter>Header Files</Filter>
    </ClInclude>
    <ClInclude Include="UI\ArminControls.h">
      <Filter>Header Files</Filter>
    </ClInclude>
    <ClInclude Include="UI\ComponentViewer.h">
      <Filter>Header Files</Filter>
    </ClInclude>
    <ClInclude Include="UI\EditorButton.h">
      <Filter>Header Files</Filter>
    </ClInclude>
    <ClInclude Include="UI\EditorPopout.h">
      <Filter>Header Files</Filter>
    </ClInclude>
    <ClInclude Include="UI\Main.h">
      <Filter>Header Files</Filter>
    </ClInclude>
    <ClInclude Include="UI\RibbonHost.h">
      <Filter>Header Files</Filter>
    </ClInclude>
    <ClInclude Include="UI\SideHost.h">
      <Filter>Header Files</Filter>
    </ClInclude>
    <ClInclude Include="UI\Startup.h">
      <Filter>Header Files</Filter>
    </ClInclude>
    <ClInclude Include="UI\Welcome.h">
      <Filter>Header Files</Filter>
    </ClInclude>
    <ClInclude Include="Common.h">
      <Filter>Header Files</Filter>
    </ClInclude>
    <ClInclude Include="Enums.h">
      <Filter>Header Files</Filter>
    </ClInclude>
    <ClInclude Include="resource.h">
      <Filter>Header Files</Filter>
    </ClInclude>
    <ClInclude Include="UserRegistry.h">
      <Filter>Header Files</Filter>
    </ClInclude>
    <ClInclude Include="UICommon.h">
      <Filter>Header Files</Filter>
    </ClInclude>
  </ItemGroup>
  <ItemGroup>
    <ResourceCompile Include="Resource.rc">
      <Filter>Resource Files</Filter>
    </ResourceCompile>
  </ItemGroup>
  <ItemGroup>
    <Image Include="Resource\Armin Logo.ico">
      <Filter>Resource Files</Filter>
    </Image>
    <Image Include="Resource\Armin Logo.png">
      <Filter>Resource Files</Filter>
    </Image>
    <Image Include="Resource\startup.png">
      <Filter>Resource Files</Filter>
    </Image>
  </ItemGroup>
  <ItemGroup>
    <None Include="2022.1 Roadmap" />
  </ItemGroup>
</Project>